{
  "name": "@ycabal/cli",
  "version": "0.0.0",
  "lockfileVersion": 1,
  "requires": true,
  "dependencies": {
    "@types/node": {
      "version": "10.17.18",
      "dev": true
    },
    "ansi-escapes": {
      "version": "4.3.1",
      "requires": {
        "type-fest": "^0.11.0"
      }
    },
    "ansi-regex": {
      "version": "5.0.0"
    },
    "ansi-styles": {
      "version": "4.2.1"
    },
    "array-union": {
      "version": "2.1.0",
      "dev": true
    },
    "braces": {
      "version": "3.0.2",
      "dev": true,
      "requires": {
        "fill-range": "^7.0.1"
      }
    },
    "chalk": {
      "version": "3.0.0",
      "requires": {
        "ansi-styles": "^4.1.0",
        "supports-color": "^7.1.0"
      }
    },
    "cli-cursor": {
      "version": "3.1.0",
      "requires": {
        "restore-cursor": "^3.1.0"
      }
    },
    "emoji-regex": {
      "version": "8.0.0"
    },
    "fast-glob": {
      "version": "3.2.2",
      "dev": true,
      "requires": {
        "glob-parent": "^5.1.0",
        "micromatch": "^4.0.2"
      }
    },
    "figures": {
      "version": "3.2.0"
    },
    "fill-range": {
      "version": "7.0.1",
      "dev": true,
      "requires": {
        "to-regex-range": "^5.0.1"
      }
    },
    "glob-parent": {
      "version": "5.1.1",
      "dev": true
    },
    "globby": {
      "version": "10.0.2",
      "dev": true,
      "requires": {
        "array-union": "^2.1.0",
        "fast-glob": "^3.0.3",
        "ignore": "^5.1.1",
        "slash": "^3.0.0"
      }
    },
    "has-flag": {
      "version": "4.0.0"
    },
    "ignore": {
      "version": "5.1.4",
      "dev": true
    },
    "inquirer": {
      "version": "7.1.0",
      "requires": {
        "ansi-escapes": "^4.2.1",
        "chalk": "^3.0.0",
        "cli-cursor": "^3.1.0",
        "figures": "^3.0.0",
        "string-width": "^4.1.0",
        "strip-ansi": "^6.0.0"
      }
    },
    "is-fullwidth-code-point": {
      "version": "3.0.0"
    },
    "is-number": {
      "version": "7.0.0",
      "dev": true
    },
    "micromatch": {
      "version": "4.0.2",
      "dev": true,
      "requires": {
        "braces": "^3.0.1"
      }
    },
    "restore-cursor": {
      "version": "3.1.0"
    },
    "slash": {
      "version": "3.0.0",
      "dev": true
    },
    "string-width": {
      "version": "4.2.0",
      "requires": {
        "emoji-regex": "^8.0.0",
        "is-fullwidth-code-point": "^3.0.0",
        "strip-ansi": "^6.0.0"
      }
    },
    "strip-ansi": {
      "version": "6.0.0",
      "requires": {
        "ansi-regex": "^5.0.0"
      }
    },
    "supports-color": {
      "version": "7.1.0",
      "requires": {
        "has-flag": "^4.0.0"
      }
    },
    "to-regex-range": {
      "version": "5.0.1",
      "dev": true,
      "requires": {
        "is-number": "^7.0.0"
      }
    },
    "type-fest": {
      "version": "0.11.0"
    }
  }
}
